{
  "name": "Paul",
  "lockfileVersion": 2,
  "requires": true,
  "packages": {
    "": {
      "dependencies": {
        "bootstrap-icons": "^1.10.3",
        "fullcalendar": "^6.1.1"
      }
    },
    "node_modules/@fullcalendar/core": {
      "version": "6.1.1",
      "resolved": "https://registry.npmjs.org/@fullcalendar/core/-/core-6.1.1.tgz",
      "integrity": "sha512-im5Dbgi/d7Q8DEUFuLaInL/TG+CrRH+zePq58LrKyFFoJKkx2CP+OS29ijVBnUiGyzCWtZ9lMIzLmWDzIMnJ0A==",
      "dependencies": {
        "preact": "^10.0.5"
      }
    },
    "node_modules/@fullcalendar/daygrid": {
      "version": "6.1.1",
      "resolved": "https://registry.npmjs.org/@fullcalendar/daygrid/-/daygrid-6.1.1.tgz",
      "integrity": "sha512-/yIrN3IZSdob/UvAaPqWzBqyaQf3+DdcGG7xocVpmt2MudFbTpstF+ffPdBAQWqoWoB18Q92s6fn9teva5nDwA==",
      "peerDependencies": {
        "@fullcalendar/core": "~6.1.1"
      }
    },
    "node_modules/@fullcalendar/interaction": {
      "version": "6.1.1",
      "resolved": "https://registry.npmjs.org/@fullcalendar/interaction/-/interaction-6.1.1.tgz",
      "integrity": "sha512-eJjdBu/ytX4EuV1mAr6mlB9mPhn80uNpuZz0eXjklYbjFNra9VVrEyNpC7kJiqsajGqQxQekbR2mk+SUJA/rzA==",
      "peerDependencies": {
        "@fullcalendar/core": "~6.1.1"
      }
    },
    "node_modules/@fullcalendar/list": {
      "version": "6.1.1",
      "resolved": "https://registry.npmjs.org/@fullcalendar/list/-/list-6.1.1.tgz",
      "integrity": "sha512-JHhjIREGDYdmoPdniP6fNDypuAXwVZkouWUSD8/8CMmgHAICPuME95ttVZNTmvsE6Jbv1NY4VGoUkTpBGlfG+g==",
      "peerDependencies": {
        "@fullcalendar/core": "~6.1.1"
      }
    },
    "node_modules/@fullcalendar/multimonth": {
      "version": "6.1.1",
      "resolved": "https://registry.npmjs.org/@fullcalendar/multimonth/-/multimonth-6.1.1.tgz",
      "integrity": "sha512-Y77aZTYOc7w/JAINetIdAf2GOvVt/K3m+qDBRdvojnU71CpxGsqoqhxP4Ep/O6w4BsaNlxWp6YMD57z4q29g4g==",
      "dependencies": {
        "@fullcalendar/daygrid": "~6.1.1"
      },
      "peerDependencies": {
        "@fullcalendar/core": "~6.1.1"
      }
    },
    "node_modules/@fullcalendar/timegrid": {
      "version": "6.1.1",
      "resolved": "https://registry.npmjs.org/@fullcalendar/timegrid/-/timegrid-6.1.1.tgz",
      "integrity": "sha512-JWjSxjxCBxIhkLsKT1uQmRWUHqfQWjtXJIy25Ur0jPlTHSLne5CBAyW2UWPwdV0nXpUnN5QWXjjTVLpMJB6uNA==",
      "dependencies": {
        "@fullcalendar/daygrid": "~6.1.1"
      },
      "peerDependencies": {
        "@fullcalendar/core": "~6.1.1"
      }
    },
    "node_modules/bootstrap-icons": {
      "version": "1.10.3",
      "resolved": "https://registry.npmjs.org/bootstrap-icons/-/bootstrap-icons-1.10.3.tgz",
      "integrity": "sha512-7Qvj0j0idEm/DdX9Q0CpxAnJYqBCFCiUI6qzSPYfERMcokVuV9Mdm/AJiVZI8+Gawe4h/l6zFcOzvV7oXCZArw=="
    },
    "node_modules/fullcalendar": {
      "version": "6.1.1",
      "resolved": "https://registry.npmjs.org/fullcalendar/-/fullcalendar-6.1.1.tgz",
      "integrity": "sha512-xbbQ1KHC7ENAHEfm+7jtNf71XEjhB1buJldeKWDVhCOt/RopaZcC0MnE32uIQZ9Ey4iTQAkhlECn1NZb1OO9HA==",
      "dependencies": {
        "@fullcalendar/core": "~6.1.1",
        "@fullcalendar/daygrid": "~6.1.1",
        "@fullcalendar/interaction": "~6.1.1",
        "@fullcalendar/list": "~6.1.1",
        "@fullcalendar/multimonth": "~6.1.1",
        "@fullcalendar/timegrid": "~6.1.1"
      }
    },
    "node_modules/preact": {
      "version": "10.11.3",
      "resolved": "https://registry.npmjs.org/preact/-/preact-10.11.3.tgz",
      "integrity": "sha512-eY93IVpod/zG3uMF22Unl8h9KkrcKIRs2EGar8hwLZZDU1lkjph303V9HZBwufh2s736U6VXuhD109LYqPoffg==",
      "funding": {
        "type": "opencollective",
        "url": "https://opencollective.com/preact"
      }
    }
  },
  "dependencies": {
    "@fullcalendar/core": {
      "version": "6.1.1",
      "resolved": "https://registry.npmjs.org/@fullcalendar/core/-/core-6.1.1.tgz",
      "integrity": "sha512-im5Dbgi/d7Q8DEUFuLaInL/TG+CrRH+zePq58LrKyFFoJKkx2CP+OS29ijVBnUiGyzCWtZ9lMIzLmWDzIMnJ0A==",
      "requires": {
        "preact": "^10.0.5"
      }
    },
    "@fullcalendar/daygrid": {
      "version": "6.1.1",
      "resolved": "https://registry.npmjs.org/@fullcalendar/daygrid/-/daygrid-6.1.1.tgz",
      "integrity": "sha512-/yIrN3IZSdob/UvAaPqWzBqyaQf3+DdcGG7xocVpmt2MudFbTpstF+ffPdBAQWqoWoB18Q92s6fn9teva5nDwA==",
      "requires": {}
    },
    "@fullcalendar/interaction": {
      "version": "6.1.1",
      "resolved": "https://registry.npmjs.org/@fullcalendar/interaction/-/interaction-6.1.1.tgz",
      "integrity": "sha512-eJjdBu/ytX4EuV1mAr6mlB9mPhn80uNpuZz0eXjklYbjFNra9VVrEyNpC7kJiqsajGqQxQekbR2mk+SUJA/rzA==",
      "requires": {}
    },
    "@fullcalendar/list": {
      "version": "6.1.1",
      "resolved": "https://registry.npmjs.org/@fullcalendar/list/-/list-6.1.1.tgz",
      "integrity": "sha512-JHhjIREGDYdmoPdniP6fNDypuAXwVZkouWUSD8/8CMmgHAICPuME95ttVZNTmvsE6Jbv1NY4VGoUkTpBGlfG+g==",
      "requires": {}
    },
    "@fullcalendar/multimonth": {
      "version": "6.1.1",
      "resolved": "https://registry.npmjs.org/@fullcalendar/multimonth/-/multimonth-6.1.1.tgz",
      "integrity": "sha512-Y77aZTYOc7w/JAINetIdAf2GOvVt/K3m+qDBRdvojnU71CpxGsqoqhxP4Ep/O6w4BsaNlxWp6YMD57z4q29g4g==",
      "requires": {
        "@fullcalendar/daygrid": "~6.1.1"
      }
    },
    "@fullcalendar/timegrid": {
      "version": "6.1.1",
      "resolved": "https://registry.npmjs.org/@fullcalendar/timegrid/-/timegrid-6.1.1.tgz",
      "integrity": "sha512-JWjSxjxCBxIhkLsKT1uQmRWUHqfQWjtXJIy25Ur0jPlTHSLne5CBAyW2UWPwdV0nXpUnN5QWXjjTVLpMJB6uNA==",
      "requires": {
        "@fullcalendar/daygrid": "~6.1.1"
      }
    },
    "bootstrap-icons": {
      "version": "1.10.3",
      "resolved": "https://registry.npmjs.org/bootstrap-icons/-/bootstrap-icons-1.10.3.tgz",
      "integrity": "sha512-7Qvj0j0idEm/DdX9Q0CpxAnJYqBCFCiUI6qzSPYfERMcokVuV9Mdm/AJiVZI8+Gawe4h/l6zFcOzvV7oXCZArw=="
    },
    "fullcalendar": {
      "version": "6.1.1",
      "resolved": "https://registry.npmjs.org/fullcalendar/-/fullcalendar-6.1.1.tgz",
      "integrity": "sha512-xbbQ1KHC7ENAHEfm+7jtNf71XEjhB1buJldeKWDVhCOt/RopaZcC0MnE32uIQZ9Ey4iTQAkhlECn1NZb1OO9HA==",
      "requires": {
        "@fullcalendar/core": "~6.1.1",
        "@fullcalendar/daygrid": "~6.1.1",
        "@fullcalendar/interaction": "~6.1.1",
        "@fullcalendar/list": "~6.1.1",
        "@fullcalendar/multimonth": "~6.1.1",
        "@fullcalendar/timegrid": "~6.1.1"
      }
    },
    "preact": {
      "version": "10.11.3",
      "resolved": "https://registry.npmjs.org/preact/-/preact-10.11.3.tgz",
      "integrity": "sha512-eY93IVpod/zG3uMF22Unl8h9KkrcKIRs2EGar8hwLZZDU1lkjph303V9HZBwufh2s736U6VXuhD109LYqPoffg=="
    }
  }
}
